
Microsoft Visual Studio Solution File, Format Version 12.00
# Visual Studio Version 17
VisualStudioVersion = 17.8.34525.116
MinimumVisualStudioVersion = 10.0.40219.1
Project("{9A19103F-16F7-4668-BE54-9A1E7A4F7556}") = "Wedge2024", "Wedge2024.csproj", "{A13D0ED7-0F5D-4C4E-9B4A-CC55FD409CA5}"
EndProject
Global
	GlobalSection(SolutionConfigurationPlatforms) = preSolution
		Debug|Any CPU = Debug|Any CPU
		Release|Any CPU = Release|Any CPU
	EndGlobalSection
	GlobalSection(ProjectConfigurationPlatforms) = postSolution
		{A13D0ED7-0F5D-4C4E-9B4A-CC55FD409CA5}.Debug|Any CPU.ActiveCfg = Debug|Any CPU
		{A13D0ED7-0F5D-4C4E-9B4A-CC55FD409CA5}.Debug|Any CPU.Build.0 = Debug|Any CPU
		{A13D0ED7-0F5D-4C4E-9B4A-CC55FD409CA5}.Release|Any CPU.ActiveCfg = Release|Any CPU
		{A13D0ED7-0F5D-4C4E-9B4A-CC55FD409CA5}.Release|Any CPU.Build.0 = Release|Any CPU
	EndGlobalSection
	GlobalSection(SolutionProperties) = preSolution
		HideSolutionNode = FALSE
	EndGlobalSection
	GlobalSection(ExtensibilityGlobals) = postSolution
		SolutionGuid = {937FDE3F-49E5-422E-A4F6-882D2377118B}
	EndGlobalSection
EndGlobal
