
Microsoft Visual Studio Solution File, Format Version 12.00
# Visual Studio Version 17
VisualStudioVersion = 17.14.36203.30 d17.14
MinimumVisualStudioVersion = 10.0.40219.1
Project("{888888A0-9F3D-457C-B088-3A5042F75D52}") = "PetrasGreenClock", "PetrasGreenClock.pyproj", "{AC2B7FBE-561D-4CA2-B19A-226FF22B8AAC}"
EndProject
Global
	GlobalSection(SolutionConfigurationPlatforms) = preSolution
		Debug|Any CPU = Debug|Any CPU
		Release|Any CPU = Release|Any CPU
	EndGlobalSection
	GlobalSection(ProjectConfigurationPlatforms) = postSolution
		{AC2B7FBE-561D-4CA2-B19A-226FF22B8AAC}.Debug|Any CPU.ActiveCfg = Debug|Any CPU
		{AC2B7FBE-561D-4CA2-B19A-226FF22B8AAC}.Release|Any CPU.ActiveCfg = Release|Any CPU
	EndGlobalSection
	GlobalSection(SolutionProperties) = preSolution
		HideSolutionNode = FALSE
	EndGlobalSection
	GlobalSection(ExtensibilityGlobals) = postSolution
		SolutionGuid = {81B25B68-9E87-4C05-A53E-925D1ACA3F64}
	EndGlobalSection
EndGlobal
