
Microsoft Visual Studio Solution File, Format Version 12.00
# Visual Studio Version 17
VisualStudioVersion = 17.4.33213.308
MinimumVisualStudioVersion = 10.0.40219.1
Project("{FAE04EC0-301F-11D3-BF4B-00C04F79EFBC}") = "TimewisePortal", "TimewisePortal.csproj", "{088CF149-A867-433B-9B50-9BF30475F22F}"
EndProject
Global
	GlobalSection(SolutionConfigurationPlatforms) = preSolution
		Debug|Any CPU = Debug|Any CPU
		Release|Any CPU = Release|Any CPU
	EndGlobalSection
	GlobalSection(ProjectConfigurationPlatforms) = postSolution
		{088CF149-A867-433B-9B50-9BF30475F22F}.Debug|Any CPU.ActiveCfg = Debug|Any CPU
		{088CF149-A867-433B-9B50-9BF30475F22F}.Debug|Any CPU.Build.0 = Debug|Any CPU
		{088CF149-A867-433B-9B50-9BF30475F22F}.Release|Any CPU.ActiveCfg = Release|Any CPU
		{088CF149-A867-433B-9B50-9BF30475F22F}.Release|Any CPU.Build.0 = Release|Any CPU
	EndGlobalSection
	GlobalSection(SolutionProperties) = preSolution
		HideSolutionNode = FALSE
	EndGlobalSection
	GlobalSection(ExtensibilityGlobals) = postSolution
		SolutionGuid = {6E895FDD-E536-4624-B54E-435571C30891}
	EndGlobalSection
EndGlobal
