
Microsoft Visual Studio Solution File, Format Version 12.00
# Visual Studio Version 17
VisualStudioVersion = 17.8.34525.116
MinimumVisualStudioVersion = 10.0.40219.1
Project("{FAE04EC0-301F-11D3-BF4B-00C04F79EFBC}") = "Forutsatt", "Forutsatt.csproj", "{2CE0E7BC-DB6D-409B-B031-59891D576FFC}"
EndProject
Global
	GlobalSection(SolutionConfigurationPlatforms) = preSolution
		Debug|Any CPU = Debug|Any CPU
		Release|Any CPU = Release|Any CPU
	EndGlobalSection
	GlobalSection(ProjectConfigurationPlatforms) = postSolution
		{2CE0E7BC-DB6D-409B-B031-59891D576FFC}.Debug|Any CPU.ActiveCfg = Debug|Any CPU
		{2CE0E7BC-DB6D-409B-B031-59891D576FFC}.Debug|Any CPU.Build.0 = Debug|Any CPU
		{2CE0E7BC-DB6D-409B-B031-59891D576FFC}.Release|Any CPU.ActiveCfg = Release|Any CPU
		{2CE0E7BC-DB6D-409B-B031-59891D576FFC}.Release|Any CPU.Build.0 = Release|Any CPU
	EndGlobalSection
	GlobalSection(SolutionProperties) = preSolution
		HideSolutionNode = FALSE
	EndGlobalSection
	GlobalSection(ExtensibilityGlobals) = postSolution
		SolutionGuid = {EBE54EEB-C490-4345-B4F8-21F0A441B1AB}
	EndGlobalSection
EndGlobal
